// !$*UTF8*$!
{
	archiveVersion = 1;
	classes = {
	};
	objectVersion = 56;
	objects = {

/* Begin PBXBuildFile section */
		3887DEA629C9BFC50095DF2C /* R.generated.swift in Sources */ = {isa = PBXBuildFile; fileRef = 3887DEA529C9BFC50095DF2C /* R.generated.swift */; };
		38A17F2E29C9AD4B0058F427 /* ViewController.swift in Sources */ = {isa = PBXBuildFile; fileRef = 38A17F1E29C9AD4A0058F427 /* ViewController.swift */; };
		38A17F3229C9AD4B0058F427 /* Assets.xcassets in Resources */ = {isa = PBXBuildFile; fileRef = 38A17F2229C9AD4A0058F427 /* Assets.xcassets */; };
		38A17F3429C9AD4B0058F427 /* LaunchScreen.storyboard in Resources */ = {isa = PBXBuildFile; fileRef = 38A17F2429C9AD4A0058F427 /* LaunchScreen.storyboard */; };
		38A17F3529C9AD4B0058F427 /* Main.storyboard in Resources */ = {isa = PBXBuildFile; fileRef = 38A17F2629C9AD4A0058F427 /* Main.storyboard */; };
		38A17F3929C9AD4B0058F427 /* AppDelegate.swift in Sources */ = {isa = PBXBuildFile; fileRef = 38A17F2B29C9AD4A0058F427 /* AppDelegate.swift */; };
		38A17F3B29C9AD4B0058F427 /* SceneDelegate.swift in Sources */ = {isa = PBXBuildFile; fileRef = 38A17F2D29C9AD4A0058F427 /* SceneDelegate.swift */; };
		D2D09E3537F3735E4150E9F3 /* Pods_iOS_engineering.framework in Frameworks */ = {isa = PBXBuildFile; fileRef = 030BD71374A3A0E37EE0ABD1 /* Pods_iOS_engineering.framework */; };
/* End PBXBuildFile section */

/* Begin PBXFileReference section */
		030BD71374A3A0E37EE0ABD1 /* Pods_iOS_engineering.framework */ = {isa = PBXFileReference; explicitFileType = wrapper.framework; includeInIndex = 0; path = Pods_iOS_engineering.framework; sourceTree = BUILT_PRODUCTS_DIR; };
		380E645529C93CD4008AB134 /* iOS-engineering.app */ = {isa = PBXFileReference; explicitFileType = wrapper.application; includeInIndex = 0; path = "iOS-engineering.app"; sourceTree = BUILT_PRODUCTS_DIR; };
		380E684929C981F7008AB134 /* README.md */ = {isa = PBXFileReference; lastKnownFileType = net.daringfireball.markdown; path = README.md; sourceTree = "<group>"; };
		3887DEA529C9BFC50095DF2C /* R.generated.swift */ = {isa = PBXFileReference; fileEncoding = 4; lastKnownFileType = sourcecode.swift; path = R.generated.swift; sourceTree = "<group>"; };
		3887DF0029CD54830095DF2C /* .swiftlint.yml */ = {isa = PBXFileReference; lastKnownFileType = text.yaml; path = .swiftlint.yml; sourceTree = "<group>"; };
		38A17F1E29C9AD4A0058F427 /* ViewController.swift */ = {isa = PBXFileReference; fileEncoding = 4; lastKnownFileType = sourcecode.swift; path = ViewController.swift; sourceTree = "<group>"; };
		38A17F2229C9AD4A0058F427 /* Assets.xcassets */ = {isa = PBXFileReference; lastKnownFileType = folder.assetcatalog; path = Assets.xcassets; sourceTree = "<group>"; };
		38A17F2529C9AD4A0058F427 /* Base */ = {isa = PBXFileReference; lastKnownFileType = file.storyboard; name = Base; path = Base.lproj/LaunchScreen.storyboard; sourceTree = "<group>"; };
		38A17F2729C9AD4A0058F427 /* Base */ = {isa = PBXFileReference; lastKnownFileType = file.storyboard; name = Base; path = Base.lproj/Main.storyboard; sourceTree = "<group>"; };
		38A17F2B29C9AD4A0058F427 /* AppDelegate.swift */ = {isa = PBXFileReference; fileEncoding = 4; lastKnownFileType = sourcecode.swift; path = AppDelegate.swift; sourceTree = "<group>"; };
		38A17F2C29C9AD4A0058F427 /* Info.plist */ = {isa = PBXFileReference; fileEncoding = 4; lastKnownFileType = text.plist.xml; path = Info.plist; sourceTree = "<group>"; };
		38A17F2D29C9AD4A0058F427 /* SceneDelegate.swift */ = {isa = PBXFileReference; fileEncoding = 4; lastKnownFileType = sourcecode.swift; path = SceneDelegate.swift; sourceTree = "<group>"; };
		38A17F3D29C9AD9C0058F427 /* DebugProject.xcconfig */ = {isa = PBXFileReference; fileEncoding = 4; lastKnownFileType = text.xcconfig; path = DebugProject.xcconfig; sourceTree = "<group>"; };
		38A17F3E29C9AD9C0058F427 /* DebugTarget.xcconfig */ = {isa = PBXFileReference; fileEncoding = 4; lastKnownFileType = text.xcconfig; path = DebugTarget.xcconfig; sourceTree = "<group>"; };
		38A17F3F29C9AD9D0058F427 /* ReleaseProject.xcconfig */ = {isa = PBXFileReference; fileEncoding = 4; lastKnownFileType = text.xcconfig; path = ReleaseProject.xcconfig; sourceTree = "<group>"; };
		38A17F4029C9AD9D0058F427 /* Common.xcconfig */ = {isa = PBXFileReference; fileEncoding = 4; lastKnownFileType = text.xcconfig; path = Common.xcconfig; sourceTree = "<group>"; };
		38A17F4129C9AD9E0058F427 /* AppStoreProject.xcconfig */ = {isa = PBXFileReference; fileEncoding = 4; lastKnownFileType = text.xcconfig; path = AppStoreProject.xcconfig; sourceTree = "<group>"; };
		38A17F4229C9AD9E0058F427 /* AppStoreTarget.xcconfig */ = {isa = PBXFileReference; fileEncoding = 4; lastKnownFileType = text.xcconfig; path = AppStoreTarget.xcconfig; sourceTree = "<group>"; };
		38A17F4329C9AD9E0058F427 /* ReleaseTarget.xcconfig */ = {isa = PBXFileReference; fileEncoding = 4; lastKnownFileType = text.xcconfig; path = ReleaseTarget.xcconfig; sourceTree = "<group>"; };
		617A91AA0DCF89E3B1357AEC /* Pods-iOS-engineering.release.xcconfig */ = {isa = PBXFileReference; includeInIndex = 1; lastKnownFileType = text.xcconfig; name = "Pods-iOS-engineering.release.xcconfig"; path = "Target Support Files/Pods-iOS-engineering/Pods-iOS-engineering.release.xcconfig"; sourceTree = "<group>"; };
		6636A90569A270416919C614 /* Pods-iOS-engineering.debug.xcconfig */ = {isa = PBXFileReference; includeInIndex = 1; lastKnownFileType = text.xcconfig; name = "Pods-iOS-engineering.debug.xcconfig"; path = "Target Support Files/Pods-iOS-engineering/Pods-iOS-engineering.debug.xcconfig"; sourceTree = "<group>"; };
		9097AA0C018BBB2A07E4AE97 /* Pods-iOS-engineering.appstore.xcconfig */ = {isa = PBXFileReference; includeInIndex = 1; lastKnownFileType = text.xcconfig; name = "Pods-iOS-engineering.appstore.xcconfig"; path = "Target Support Files/Pods-iOS-engineering/Pods-iOS-engineering.appstore.xcconfig"; sourceTree = "<group>"; };
/* End PBXFileReference section */

/* Begin PBXFrameworksBuildPhase section */
		380E645229C93CD4008AB134 /* Frameworks */ = {
			isa = PBXFrameworksBuildPhase;
			buildActionMask = 2147483647;
			files = (
				D2D09E3537F3735E4150E9F3 /* Pods_iOS_engineering.framework in Frameworks */,
			);
			runOnlyForDeploymentPostprocessing = 0;
		};
/* End PBXFrameworksBuildPhase section */

/* Begin PBXGroup section */
		0B9BC699006CE37F8BAA695A /* Frameworks */ = {
			isa = PBXGroup;
			children = (
				030BD71374A3A0E37EE0ABD1 /* Pods_iOS_engineering.framework */,
			);
			name = Frameworks;
			sourceTree = "<group>";
		};
		0DF0AF862393B5B4F2EE7E5B /* Pods */ = {
			isa = PBXGroup;
			children = (
				9097AA0C018BBB2A07E4AE97 /* Pods-iOS-engineering.appstore.xcconfig */,
				6636A90569A270416919C614 /* Pods-iOS-engineering.debug.xcconfig */,
				617A91AA0DCF89E3B1357AEC /* Pods-iOS-engineering.release.xcconfig */,
			);
			path = Pods;
			sourceTree = "<group>";
		};
		380E644C29C93CD4008AB134 = {
			isa = PBXGroup;
			children = (
				380E684929C981F7008AB134 /* README.md */,
				3887DEA529C9BFC50095DF2C /* R.generated.swift */,
				3887DF0029CD54830095DF2C /* .swiftlint.yml */,
				38A17F1D29C9AD4A0058F427 /* iOS-engineering */,
				380E645629C93CD4008AB134 /* Products */,
				0DF0AF862393B5B4F2EE7E5B /* Pods */,
				0B9BC699006CE37F8BAA695A /* Frameworks */,
			);
			sourceTree = "<group>";
		};
		380E645629C93CD4008AB134 /* Products */ = {
			isa = PBXGroup;
			children = (
				380E645529C93CD4008AB134 /* iOS-engineering.app */,
			);
			name = Products;
			sourceTree = "<group>";
		};
		3887DF0229CD5DB90095DF2C /* Resources */ = {
			isa = PBXGroup;
			children = (
				38A17F2229C9AD4A0058F427 /* Assets.xcassets */,
				38A17F2429C9AD4A0058F427 /* LaunchScreen.storyboard */,
				38A17F2629C9AD4A0058F427 /* Main.storyboard */,
			);
			path = Resources;
			sourceTree = "<group>";
		};
		38A17F1D29C9AD4A0058F427 /* iOS-engineering */ = {
			isa = PBXGroup;
			children = (
				38A17F3C29C9AD740058F427 /* Config */,
				3887DF0229CD5DB90095DF2C /* Resources */,
				38A17F2B29C9AD4A0058F427 /* AppDelegate.swift */,
				38A17F2C29C9AD4A0058F427 /* Info.plist */,
				38A17F2D29C9AD4A0058F427 /* SceneDelegate.swift */,
				38A17F1E29C9AD4A0058F427 /* ViewController.swift */,
			);
			path = "iOS-engineering";
			sourceTree = "<group>";
		};
		38A17F3C29C9AD740058F427 /* Config */ = {
			isa = PBXGroup;
			children = (
				38A17F4129C9AD9E0058F427 /* AppStoreProject.xcconfig */,
				38A17F4229C9AD9E0058F427 /* AppStoreTarget.xcconfig */,
				38A17F4029C9AD9D0058F427 /* Common.xcconfig */,
				38A17F3D29C9AD9C0058F427 /* DebugProject.xcconfig */,
				38A17F3E29C9AD9C0058F427 /* DebugTarget.xcconfig */,
				38A17F3F29C9AD9D0058F427 /* ReleaseProject.xcconfig */,
				38A17F4329C9AD9E0058F427 /* ReleaseTarget.xcconfig */,
			);
			name = Config;
			sourceTree = "<group>";
		};
/* End PBXGroup section */

/* Begin PBXNativeTarget section */
		380E645429C93CD4008AB134 /* iOS-engineering */ = {
			isa = PBXNativeTarget;
			buildConfigurationList = 380E646929C93CD6008AB134 /* Build configuration list for PBXNativeTarget "iOS-engineering" */;
			buildPhases = (
				0B6CDC3F822DAAB4563A1683 /* [CP] Check Pods Manifest.lock */,
				380E67FF29C96ED5008AB134 /* ShellScript */,
				380E645129C93CD4008AB134 /* Sources */,
				3887DEC329CD40880095DF2C /* ShellScript */,
				380E645229C93CD4008AB134 /* Frameworks */,
				380E645329C93CD4008AB134 /* Resources */,
				09DFB90CD39139B8D5A7B011 /* [CP] Embed Pods Frameworks */,
			);
			buildRules = (
			);
			dependencies = (
			);
			name = "iOS-engineering";
			productName = "iOS-environment";
			productReference = 380E645529C93CD4008AB134 /* iOS-engineering.app */;
			productType = "com.apple.product-type.application";
		};
/* End PBXNativeTarget section */

/* Begin PBXProject section */
		380E644D29C93CD4008AB134 /* Project object */ = {
			isa = PBXProject;
			attributes = {
				BuildIndependentTargetsInParallel = 1;
				LastSwiftUpdateCheck = 1420;
				LastUpgradeCheck = 1420;
				TargetAttributes = {
					380E645429C93CD4008AB134 = {
						CreatedOnToolsVersion = 14.2;
					};
				};
			};
			buildConfigurationList = 380E645029C93CD4008AB134 /* Build configuration list for PBXProject "iOS-engineering" */;
			compatibilityVersion = "Xcode 14.0";
			developmentRegion = en;
			hasScannedForEncodings = 0;
			knownRegions = (
				en,
				Base,
			);
			mainGroup = 380E644C29C93CD4008AB134;
			productRefGroup = 380E645629C93CD4008AB134 /* Products */;
			projectDirPath = "";
			projectRoot = "";
			targets = (
				380E645429C93CD4008AB134 /* iOS-engineering */,
			);
		};
/* End PBXProject section */

/* Begin PBXResourcesBuildPhase section */
		380E645329C93CD4008AB134 /* Resources */ = {
			isa = PBXResourcesBuildPhase;
			buildActionMask = 2147483647;
			files = (
				38A17F3229C9AD4B0058F427 /* Assets.xcassets in Resources */,
				38A17F3429C9AD4B0058F427 /* LaunchScreen.storyboard in Resources */,
				38A17F3529C9AD4B0058F427 /* Main.storyboard in Resources */,
			);
			runOnlyForDeploymentPostprocessing = 0;
		};
/* End PBXResourcesBuildPhase section */

/* Begin PBXShellScriptBuildPhase section */
		09DFB90CD39139B8D5A7B011 /* [CP] Embed Pods Frameworks */ = {
			isa = PBXShellScriptBuildPhase;
			buildActionMask = 2147483647;
			files = (
			);
			inputFileListPaths = (
				"${PODS_ROOT}/Target Support Files/Pods-iOS-engineering/Pods-iOS-engineering-frameworks-${CONFIGURATION}-input-files.xcfilelist",
			);
			name = "[CP] Embed Pods Frameworks";
			outputFileListPaths = (
				"${PODS_ROOT}/Target Support Files/Pods-iOS-engineering/Pods-iOS-engineering-frameworks-${CONFIGURATION}-output-files.xcfilelist",
			);
			runOnlyForDeploymentPostprocessing = 0;
			shellPath = /bin/sh;
			shellScript = "\"${PODS_ROOT}/Target Support Files/Pods-iOS-engineering/Pods-iOS-engineering-frameworks.sh\"\n";
			showEnvVarsInLog = 0;
		};
		0B6CDC3F822DAAB4563A1683 /* [CP] Check Pods Manifest.lock */ = {
			isa = PBXShellScriptBuildPhase;
			buildActionMask = 2147483647;
			files = (
			);
			inputFileListPaths = (
			);
			inputPaths = (
				"${PODS_PODFILE_DIR_PATH}/Podfile.lock",
				"${PODS_ROOT}/Manifest.lock",
			);
			name = "[CP] Check Pods Manifest.lock";
			outputFileListPaths = (
			);
			outputPaths = (
				"$(DERIVED_FILE_DIR)/Pods-iOS-engineering-checkManifestLockResult.txt",
			);
			runOnlyForDeploymentPostprocessing = 0;
			shellPath = /bin/sh;
			shellScript = "diff \"${PODS_PODFILE_DIR_PATH}/Podfile.lock\" \"${PODS_ROOT}/Manifest.lock\" > /dev/null\nif [ $? != 0 ] ; then\n    # print error to STDERR\n    echo \"error: The sandbox is not in sync with the Podfile.lock. Run 'pod install' or update your CocoaPods installation.\" >&2\n    exit 1\nfi\n# This output is used by Xcode 'outputs' to avoid re-running this script phase.\necho \"SUCCESS\" > \"${SCRIPT_OUTPUT_FILE_0}\"\n";
			showEnvVarsInLog = 0;
		};
		380E67FF29C96ED5008AB134 /* ShellScript */ = {
			isa = PBXShellScriptBuildPhase;
			alwaysOutOfDate = 1;
			buildActionMask = 2147483647;
			files = (
			);
			inputFileListPaths = (
			);
			inputPaths = (
			);
			outputFileListPaths = (
			);
			outputPaths = (
				$SRCROOT/R.generated.swift,
			);
			runOnlyForDeploymentPostprocessing = 0;
			shellPath = /bin/sh;
			shellScript = "\"$PODS_ROOT/R.swift/rswift\" generate \"$SRCROOT/R.generated.swift\"\n";
		};
		3887DEC329CD40880095DF2C /* ShellScript */ = {
			isa = PBXShellScriptBuildPhase;
			buildActionMask = 2147483647;
			files = (
			);
			inputFileListPaths = (
			);
			inputPaths = (
			);
			outputFileListPaths = (
			);
			outputPaths = (
			);
			runOnlyForDeploymentPostprocessing = 0;
			shellPath = /bin/sh;
			shellScript = "\"${PODS_ROOT}/SwiftLint/swiftlint\"\n";
		};
/* End PBXShellScriptBuildPhase section */

/* Begin PBXSourcesBuildPhase section */
		380E645129C93CD4008AB134 /* Sources */ = {
			isa = PBXSourcesBuildPhase;
			buildActionMask = 2147483647;
			files = (
				38A17F3929C9AD4B0058F427 /* AppDelegate.swift in Sources */,
				3887DEA629C9BFC50095DF2C /* R.generated.swift in Sources */,
				38A17F3B29C9AD4B0058F427 /* SceneDelegate.swift in Sources */,
				38A17F2E29C9AD4B0058F427 /* ViewController.swift in Sources */,
			);
			runOnlyForDeploymentPostprocessing = 0;
		};
/* End PBXSourcesBuildPhase section */

/* Begin PBXVariantGroup section */
		38A17F2429C9AD4A0058F427 /* LaunchScreen.storyboard */ = {
			isa = PBXVariantGroup;
			children = (
				38A17F2529C9AD4A0058F427 /* Base */,
			);
			name = LaunchScreen.storyboard;
			sourceTree = "<group>";
		};
		38A17F2629C9AD4A0058F427 /* Main.storyboard */ = {
			isa = PBXVariantGroup;
			children = (
				38A17F2729C9AD4A0058F427 /* Base */,
			);
			name = Main.storyboard;
			sourceTree = "<group>";
		};
/* End PBXVariantGroup section */

/* Begin XCBuildConfiguration section */
		380E646729C93CD6008AB134 /* Debug */ = {
			isa = XCBuildConfiguration;
			baseConfigurationReference = 38A17F3D29C9AD9C0058F427 /* DebugProject.xcconfig */;
			buildSettings = {
				ALWAYS_SEARCH_USER_PATHS = NO;
				CLANG_ANALYZER_NONNULL = YES;
				CLANG_ANALYZER_NUMBER_OBJECT_CONVERSION = YES_AGGRESSIVE;
				CLANG_CXX_LANGUAGE_STANDARD = "gnu++20";
				CLANG_ENABLE_MODULES = YES;
				CLANG_ENABLE_OBJC_ARC = YES;
				CLANG_ENABLE_OBJC_WEAK = YES;
				CLANG_WARN_BLOCK_CAPTURE_AUTORELEASING = YES;
				CLANG_WARN_BOOL_CONVERSION = YES;
				CLANG_WARN_COMMA = YES;
				CLANG_WARN_CONSTANT_CONVERSION = YES;
				CLANG_WARN_DEPRECATED_OBJC_IMPLEMENTATIONS = YES;
				CLANG_WARN_DIRECT_OBJC_ISA_USAGE = YES_ERROR;
				CLANG_WARN_DOCUMENTATION_COMMENTS = YES;
				CLANG_WARN_EMPTY_BODY = YES;
				CLANG_WARN_ENUM_CONVERSION = YES;
				CLANG_WARN_INFINITE_RECURSION = YES;
				CLANG_WARN_INT_CONVERSION = YES;
				CLANG_WARN_NON_LITERAL_NULL_CONVERSION = YES;
				CLANG_WARN_OBJC_IMPLICIT_RETAIN_SELF = YES;
				CLANG_WARN_OBJC_LITERAL_CONVERSION = YES;
				CLANG_WARN_OBJC_ROOT_CLASS = YES_ERROR;
				CLANG_WARN_QUOTED_INCLUDE_IN_FRAMEWORK_HEADER = YES;
				CLANG_WARN_RANGE_LOOP_ANALYSIS = YES;
				CLANG_WARN_STRICT_PROTOTYPES = YES;
				CLANG_WARN_SUSPICIOUS_MOVE = YES;
				CLANG_WARN_UNGUARDED_AVAILABILITY = YES_AGGRESSIVE;
				CLANG_WARN_UNREACHABLE_CODE = YES;
				CLANG_WARN__DUPLICATE_METHOD_MATCH = YES;
				COPY_PHASE_STRIP = NO;
				DEBUG_INFORMATION_FORMAT = dwarf;
				ENABLE_STRICT_OBJC_MSGSEND = YES;
				ENABLE_TESTABILITY = YES;
				GCC_C_LANGUAGE_STANDARD = gnu11;
				GCC_DYNAMIC_NO_PIC = NO;
				GCC_NO_COMMON_BLOCKS = YES;
				GCC_OPTIMIZATION_LEVEL = 0;
				GCC_PREPROCESSOR_DEFINITIONS = (
					"DEBUG=1",
					"$(inherited)",
				);
				GCC_WARN_64_TO_32_BIT_CONVERSION = YES;
				GCC_WARN_ABOUT_RETURN_TYPE = YES_ERROR;
				GCC_WARN_UNDECLARED_SELECTOR = YES;
				GCC_WARN_UNINITIALIZED_AUTOS = YES_AGGRESSIVE;
				GCC_WARN_UNUSED_FUNCTION = YES;
				GCC_WARN_UNUSED_VARIABLE = YES;
				IPHONEOS_DEPLOYMENT_TARGET = 16.2;
				MTL_ENABLE_DEBUG_INFO = INCLUDE_SOURCE;
				MTL_FAST_MATH = YES;
				ONLY_ACTIVE_ARCH = YES;
				SDKROOT = iphoneos;
				SWIFT_ACTIVE_COMPILATION_CONDITIONS = DEBUG;
				SWIFT_OPTIMIZATION_LEVEL = "-Onone";
			};
			name = Debug;
		};
		380E646829C93CD6008AB134 /* Release */ = {
			isa = XCBuildConfiguration;
			baseConfigurationReference = 38A17F3F29C9AD9D0058F427 /* ReleaseProject.xcconfig */;
			buildSettings = {
				ALWAYS_SEARCH_USER_PATHS = NO;
				CLANG_ANALYZER_NONNULL = YES;
				CLANG_ANALYZER_NUMBER_OBJECT_CONVERSION = YES_AGGRESSIVE;
				CLANG_CXX_LANGUAGE_STANDARD = "gnu++20";
				CLANG_ENABLE_MODULES = YES;
				CLANG_ENABLE_OBJC_ARC = YES;
				CLANG_ENABLE_OBJC_WEAK = YES;
				CLANG_WARN_BLOCK_CAPTURE_AUTORELEASING = YES;
				CLANG_WARN_BOOL_CONVERSION = YES;
				CLANG_WARN_COMMA = YES;
				CLANG_WARN_CONSTANT_CONVERSION = YES;
				CLANG_WARN_DEPRECATED_OBJC_IMPLEMENTATIONS = YES;
				CLANG_WARN_DIRECT_OBJC_ISA_USAGE = YES_ERROR;
				CLANG_WARN_DOCUMENTATION_COMMENTS = YES;
				CLANG_WARN_EMPTY_BODY = YES;
				CLANG_WARN_ENUM_CONVERSION = YES;
				CLANG_WARN_INFINITE_RECURSION = YES;
				CLANG_WARN_INT_CONVERSION = YES;
				CLANG_WARN_NON_LITERAL_NULL_CONVERSION = YES;
				CLANG_WARN_OBJC_IMPLICIT_RETAIN_SELF = YES;
				CLANG_WARN_OBJC_LITERAL_CONVERSION = YES;
				CLANG_WARN_OBJC_ROOT_CLASS = YES_ERROR;
				CLANG_WARN_QUOTED_INCLUDE_IN_FRAMEWORK_HEADER = YES;
				CLANG_WARN_RANGE_LOOP_ANALYSIS = YES;
				CLANG_WARN_STRICT_PROTOTYPES = YES;
				CLANG_WARN_SUSPICIOUS_MOVE = YES;
				CLANG_WARN_UNGUARDED_AVAILABILITY = YES_AGGRESSIVE;
				CLANG_WARN_UNREACHABLE_CODE = YES;
				CLANG_WARN__DUPLICATE_METHOD_MATCH = YES;
				COPY_PHASE_STRIP = NO;
				DEBUG_INFORMATION_FORMAT = "dwarf-with-dsym";
				ENABLE_NS_ASSERTIONS = NO;
				ENABLE_STRICT_OBJC_MSGSEND = YES;
				GCC_C_LANGUAGE_STANDARD = gnu11;
				GCC_NO_COMMON_BLOCKS = YES;
				GCC_WARN_64_TO_32_BIT_CONVERSION = YES;
				GCC_WARN_ABOUT_RETURN_TYPE = YES_ERROR;
				GCC_WARN_UNDECLARED_SELECTOR = YES;
				GCC_WARN_UNINITIALIZED_AUTOS = YES_AGGRESSIVE;
				GCC_WARN_UNUSED_FUNCTION = YES;
				GCC_WARN_UNUSED_VARIABLE = YES;
				IPHONEOS_DEPLOYMENT_TARGET = 16.2;
				MTL_ENABLE_DEBUG_INFO = NO;
				MTL_FAST_MATH = YES;
				SDKROOT = iphoneos;
				SWIFT_COMPILATION_MODE = wholemodule;
				SWIFT_OPTIMIZATION_LEVEL = "-O";
				VALIDATE_PRODUCT = YES;
			};
			name = Release;
		};
		380E646A29C93CD6008AB134 /* Debug */ = {
			isa = XCBuildConfiguration;
			baseConfigurationReference = 38A17F3E29C9AD9C0058F427 /* DebugTarget.xcconfig */;
			buildSettings = {
				ASSETCATALOG_COMPILER_APPICON_NAME = AppIcon;
				ASSETCATALOG_COMPILER_GLOBAL_ACCENT_COLOR_NAME = AccentColor;
				CODE_SIGN_STYLE = Automatic;
				CURRENT_PROJECT_VERSION = "$(PRODUCT_VERSION_BASE)";
				DEVELOPMENT_TEAM = DFT44L6T2M;
				GENERATE_INFOPLIST_FILE = YES;
				INFOPLIST_FILE = "$(PROJECT_DIR)/iOS-engineering/Info.plist";
				INFOPLIST_KEY_CFBundleDisplayName = "$(APP_NAME)";
				INFOPLIST_KEY_UIApplicationSupportsIndirectInputEvents = YES;
				INFOPLIST_KEY_UILaunchStoryboardName = LaunchScreen;
				INFOPLIST_KEY_UIMainStoryboardFile = Main;
				INFOPLIST_KEY_UISupportedInterfaceOrientations_iPad = "UIInterfaceOrientationPortrait UIInterfaceOrientationPortraitUpsideDown UIInterfaceOrientationLandscapeLeft UIInterfaceOrientationLandscapeRight";
				INFOPLIST_KEY_UISupportedInterfaceOrientations_iPhone = "UIInterfaceOrientationPortrait UIInterfaceOrientationLandscapeLeft UIInterfaceOrientationLandscapeRight";
				LD_RUNPATH_SEARCH_PATHS = (
					"$(inherited)",
					"@executable_path/Frameworks",
				);
				MARKETING_VERSION = "$(PRODUCT_VERSION_SUFFIX)";
				PRODUCT_BUNDLE_IDENTIFIER = "$(PRODUCT_BUNDLE_IDENTIFIER)";
				PRODUCT_BUNDLE_NAME = "$(PRODUCT_BUNDLE_NAME)";
				PRODUCT_NAME = "$(TARGET_NAME)";
				SWIFT_EMIT_LOC_STRINGS = YES;
				SWIFT_VERSION = 5.0;
				TARGETED_DEVICE_FAMILY = "1,2";
			};
			name = Debug;
		};
		380E646B29C93CD6008AB134 /* Release */ = {
			isa = XCBuildConfiguration;
			baseConfigurationReference = 38A17F4329C9AD9E0058F427 /* ReleaseTarget.xcconfig */;
			buildSettings = {
				ASSETCATALOG_COMPILER_APPICON_NAME = AppIcon;
				ASSETCATALOG_COMPILER_GLOBAL_ACCENT_COLOR_NAME = AccentColor;
				CODE_SIGN_STYLE = Automatic;
				CURRENT_PROJECT_VERSION = "$(PRODUCT_VERSION_BASE)";
				DEVELOPMENT_TEAM = DFT44L6T2M;
				GENERATE_INFOPLIST_FILE = YES;
				INFOPLIST_FILE = "$(PROJECT_DIR)/iOS-engineering/Info.plist";
				INFOPLIST_KEY_CFBundleDisplayName = "$(APP_NAME)";
				INFOPLIST_KEY_UIApplicationSupportsIndirectInputEvents = YES;
				INFOPLIST_KEY_UILaunchStoryboardName = LaunchScreen;
				INFOPLIST_KEY_UIMainStoryboardFile = Main;
				INFOPLIST_KEY_UISupportedInterfaceOrientations_iPad = "UIInterfaceOrientationPortrait UIInterfaceOrientationPortraitUpsideDown UIInterfaceOrientationLandscapeLeft UIInterfaceOrientationLandscapeRight";
				INFOPLIST_KEY_UISupportedInterfaceOrientations_iPhone = "UIInterfaceOrientationPortrait UIInterfaceOrientationLandscapeLeft UIInterfaceOrientationLandscapeRight";
				LD_RUNPATH_SEARCH_PATHS = (
					"$(inherited)",
					"@executable_path/Frameworks",
				);
				MARKETING_VERSION = "$(PRODUCT_VERSION_SUFFIX)";
				PRODUCT_BUNDLE_IDENTIFIER = "$(PRODUCT_BUNDLE_IDENTIFIER)";
				PRODUCT_BUNDLE_NAME = "$(PRODUCT_BUNDLE_NAME)";
				PRODUCT_NAME = "$(TARGET_NAME)";
				SWIFT_EMIT_LOC_STRINGS = YES;
				SWIFT_VERSION = 5.0;
				TARGETED_DEVICE_FAMILY = "1,2";
			};
			name = Release;
		};
		380E681129C97852008AB134 /* AppStore */ = {
			isa = XCBuildConfiguration;
			baseConfigurationReference = 38A17F4129C9AD9E0058F427 /* AppStoreProject.xcconfig */;
			buildSettings = {
				ALWAYS_SEARCH_USER_PATHS = NO;
				CLANG_ANALYZER_NONNULL = YES;
				CLANG_ANALYZER_NUMBER_OBJECT_CONVERSION = YES_AGGRESSIVE;
				CLANG_CXX_LANGUAGE_STANDARD = "gnu++20";
				CLANG_ENABLE_MODULES = YES;
				CLANG_ENABLE_OBJC_ARC = YES;
				CLANG_ENABLE_OBJC_WEAK = YES;
				CLANG_WARN_BLOCK_CAPTURE_AUTORELEASING = YES;
				CLANG_WARN_BOOL_CONVERSION = YES;
				CLANG_WARN_COMMA = YES;
				CLANG_WARN_CONSTANT_CONVERSION = YES;
				CLANG_WARN_DEPRECATED_OBJC_IMPLEMENTATIONS = YES;
				CLANG_WARN_DIRECT_OBJC_ISA_USAGE = YES_ERROR;
				CLANG_WARN_DOCUMENTATION_COMMENTS = YES;
				CLANG_WARN_EMPTY_BODY = YES;
				CLANG_WARN_ENUM_CONVERSION = YES;
				CLANG_WARN_INFINITE_RECURSION = YES;
				CLANG_WARN_INT_CONVERSION = YES;
				CLANG_WARN_NON_LITERAL_NULL_CONVERSION = YES;
				CLANG_WARN_OBJC_IMPLICIT_RETAIN_SELF = YES;
				CLANG_WARN_OBJC_LITERAL_CONVERSION = YES;
				CLANG_WARN_OBJC_ROOT_CLASS = YES_ERROR;
				CLANG_WARN_QUOTED_INCLUDE_IN_FRAMEWORK_HEADER = YES;
				CLANG_WARN_RANGE_LOOP_ANALYSIS = YES;
				CLANG_WARN_STRICT_PROTOTYPES = YES;
				CLANG_WARN_SUSPICIOUS_MOVE = YES;
				CLANG_WARN_UNGUARDED_AVAILABILITY = YES_AGGRESSIVE;
				CLANG_WARN_UNREACHABLE_CODE = YES;
				CLANG_WARN__DUPLICATE_METHOD_MATCH = YES;
				COPY_PHASE_STRIP = NO;
				DEBUG_INFORMATION_FORMAT = "dwarf-with-dsym";
				ENABLE_NS_ASSERTIONS = NO;
				ENABLE_STRICT_OBJC_MSGSEND = YES;
				GCC_C_LANGUAGE_STANDARD = gnu11;
				GCC_NO_COMMON_BLOCKS = YES;
				GCC_WARN_64_TO_32_BIT_CONVERSION = YES;
				GCC_WARN_ABOUT_RETURN_TYPE = YES_ERROR;
				GCC_WARN_UNDECLARED_SELECTOR = YES;
				GCC_WARN_UNINITIALIZED_AUTOS = YES_AGGRESSIVE;
				GCC_WARN_UNUSED_FUNCTION = YES;
				GCC_WARN_UNUSED_VARIABLE = YES;
				IPHONEOS_DEPLOYMENT_TARGET = 16.2;
				MTL_ENABLE_DEBUG_INFO = NO;
				MTL_FAST_MATH = YES;
				SDKROOT = iphoneos;
				SWIFT_COMPILATION_MODE = wholemodule;
				SWIFT_OPTIMIZATION_LEVEL = "-O";
				VALIDATE_PRODUCT = YES;
			};
			name = AppStore;
		};
		380E681229C97852008AB134 /* AppStore */ = {
			isa = XCBuildConfiguration;
			baseConfigurationReference = 38A17F4229C9AD9E0058F427 /* AppStoreTarget.xcconfig */;
			buildSettings = {
				ASSETCATALOG_COMPILER_APPICON_NAME = AppIcon;
				ASSETCATALOG_COMPILER_GLOBAL_ACCENT_COLOR_NAME = AccentColor;
				CODE_SIGN_STYLE = Automatic;
				CURRENT_PROJECT_VERSION = "$(PRODUCT_VERSION_BASE)";
				DEVELOPMENT_TEAM = DFT44L6T2M;
				GENERATE_INFOPLIST_FILE = YES;
				INFOPLIST_FILE = "$(PROJECT_DIR)/iOS-engineering/Info.plist";
				INFOPLIST_KEY_CFBundleDisplayName = "$(APP_NAME)";
				INFOPLIST_KEY_UIApplicationSupportsIndirectInputEvents = YES;
				INFOPLIST_KEY_UILaunchStoryboardName = LaunchScreen;
				INFOPLIST_KEY_UIMainStoryboardFile = Main;
				INFOPLIST_KEY_UISupportedInterfaceOrientations_iPad = "UIInterfaceOrientationPortrait UIInterfaceOrientationPortraitUpsideDown UIInterfaceOrientationLandscapeLeft UIInterfaceOrientationLandscapeRight";
				INFOPLIST_KEY_UISupportedInterfaceOrientations_iPhone = "UIInterfaceOrientationPortrait UIInterfaceOrientationLandscapeLeft UIInterfaceOrientationLandscapeRight";
				LD_RUNPATH_SEARCH_PATHS = (
					"$(inherited)",
					"@executable_path/Frameworks",
				);
				MARKETING_VERSION = "$(PRODUCT_VERSION_SUFFIX)";
				PRODUCT_BUNDLE_IDENTIFIER = "$(PRODUCT_BUNDLE_IDENTIFIER)";
				PRODUCT_BUNDLE_NAME = "$(PRODUCT_BUNDLE_NAME)";
				PRODUCT_NAME = "$(TARGET_NAME)";
				SWIFT_EMIT_LOC_STRINGS = YES;
				SWIFT_VERSION = 5.0;
				TARGETED_DEVICE_FAMILY = "1,2";
			};
			name = AppStore;
		};
/* End XCBuildConfiguration section */

/* Begin XCConfigurationList section */
		380E645029C93CD4008AB134 /* Build configuration list for PBXProject "iOS-engineering" */ = {
			isa = XCConfigurationList;
			buildConfigurations = (
				380E646729C93CD6008AB134 /* Debug */,
				380E646829C93CD6008AB134 /* Release */,
				380E681129C97852008AB134 /* AppStore */,
			);
			defaultConfigurationIsVisible = 0;
			defaultConfigurationName = Release;
		};
		380E646929C93CD6008AB134 /* Build configuration list for PBXNativeTarget "iOS-engineering" */ = {
			isa = XCConfigurationList;
			buildConfigurations = (
				380E646A29C93CD6008AB134 /* Debug */,
				380E646B29C93CD6008AB134 /* Release */,
				380E681229C97852008AB134 /* AppStore */,
			);
			defaultConfigurationIsVisible = 0;
			defaultConfigurationName = Release;
		};
/* End XCConfigurationList section */
	};
	rootObject = 380E644D29C93CD4008AB134 /* Project object */;
}
